
Microsoft Visual Studio Solution File, Format Version 12.00
# Visual Studio Version 17
VisualStudioVersion = 17.5.33530.505
MinimumVisualStudioVersion = 10.0.40219.1
Project("{D2ABAB84-BF74-430A-B69E-9DC6D40DDA17}") = "NaszBankGwiazda", "NaszBankGwiazda\NaszBankGwiazda.dwproj", "{0B67D8C3-C9D2-424A-BC9A-64EA6E9E8C0E}"
EndProject
Global
	GlobalSection(SolutionConfigurationPlatforms) = preSolution
		Development|Default = Development|Default
	EndGlobalSection
	GlobalSection(ProjectConfigurationPlatforms) = postSolution
		{0B67D8C3-C9D2-424A-BC9A-64EA6E9E8C0E}.Development|Default.ActiveCfg = Development
		{0B67D8C3-C9D2-424A-BC9A-64EA6E9E8C0E}.Development|Default.Build.0 = Development
		{0B67D8C3-C9D2-424A-BC9A-64EA6E9E8C0E}.Development|Default.Deploy.0 = Development
	EndGlobalSection
	GlobalSection(SolutionProperties) = preSolution
		HideSolutionNode = FALSE
	EndGlobalSection
	GlobalSection(ExtensibilityGlobals) = postSolution
		SolutionGuid = {754DE15F-6632-4128-A9BE-4C902E02F0C8}
	EndGlobalSection
EndGlobal
